
Microsoft Visual Studio Solution File, Format Version 12.00
# Visual Studio 2012
Project("{FAE04EC0-301F-11D3-BF4B-00C04F79EFBC}") = "TicketFlix.Data", "TicketFlix.Data\TicketFlix.Data.csproj", "{D82F1D16-832A-4346-9E5D-FFD34918C542}"
EndProject
Project("{FAE04EC0-301F-11D3-BF4B-00C04F79EFBC}") = "TicketFlix.Commons", "TicketFlix.Commons\TicketFlix.Commons.csproj", "{4AE15677-25E8-4602-A198-CFAF7A08AE44}"
EndProject
Project("{FAE04EC0-301F-11D3-BF4B-00C04F79EFBC}") = "TicketFlix.Application", "TicketFlix.Application\TicketFlix.Application.csproj", "{868ABF40-5678-4D84-BD80-A2C73923BBA0}"
EndProject
Global
	GlobalSection(SolutionConfigurationPlatforms) = preSolution
		Debug|Any CPU = Debug|Any CPU
		Release|Any CPU = Release|Any CPU
	EndGlobalSection
	GlobalSection(ProjectConfigurationPlatforms) = postSolution
		{D82F1D16-832A-4346-9E5D-FFD34918C542}.Debug|Any CPU.ActiveCfg = Debug|Any CPU
		{D82F1D16-832A-4346-9E5D-FFD34918C542}.Debug|Any CPU.Build.0 = Debug|Any CPU
		{D82F1D16-832A-4346-9E5D-FFD34918C542}.Release|Any CPU.ActiveCfg = Release|Any CPU
		{D82F1D16-832A-4346-9E5D-FFD34918C542}.Release|Any CPU.Build.0 = Release|Any CPU
		{4AE15677-25E8-4602-A198-CFAF7A08AE44}.Debug|Any CPU.ActiveCfg = Debug|Any CPU
		{4AE15677-25E8-4602-A198-CFAF7A08AE44}.Debug|Any CPU.Build.0 = Debug|Any CPU
		{4AE15677-25E8-4602-A198-CFAF7A08AE44}.Release|Any CPU.ActiveCfg = Release|Any CPU
		{4AE15677-25E8-4602-A198-CFAF7A08AE44}.Release|Any CPU.Build.0 = Release|Any CPU
		{868ABF40-5678-4D84-BD80-A2C73923BBA0}.Debug|Any CPU.ActiveCfg = Debug|Any CPU
		{868ABF40-5678-4D84-BD80-A2C73923BBA0}.Debug|Any CPU.Build.0 = Debug|Any CPU
		{868ABF40-5678-4D84-BD80-A2C73923BBA0}.Release|Any CPU.ActiveCfg = Release|Any CPU
		{868ABF40-5678-4D84-BD80-A2C73923BBA0}.Release|Any CPU.Build.0 = Release|Any CPU
	EndGlobalSection
	GlobalSection(SolutionProperties) = preSolution
		HideSolutionNode = FALSE
	EndGlobalSection
EndGlobal
